// !$*UTF8*$!
{
	archiveVersion = 1;
	classes = {
	};
	objectVersion = 52;
	objects = {

/* Begin PBXBuildFile section */
		3921697426E6B334006707F3 /* TilApp.swift in Sources */ = {isa = PBXBuildFile; fileRef = 3921697326E6B334006707F3 /* TilApp.swift */; };
		3921697826E6B337006707F3 /* Assets.xcassets in Resources */ = {isa = PBXBuildFile; fileRef = 3921697726E6B337006707F3 /* Assets.xcassets */; };
		3921697B26E6B337006707F3 /* Preview Assets.xcassets in Resources */ = {isa = PBXBuildFile; fileRef = 3921697A26E6B337006707F3 /* Preview Assets.xcassets */; };
		3921698626E6B337006707F3 /* TilTests.swift in Sources */ = {isa = PBXBuildFile; fileRef = 3921698526E6B337006707F3 /* TilTests.swift */; };
		3921699126E6B338006707F3 /* TilUITests.swift in Sources */ = {isa = PBXBuildFile; fileRef = 3921699026E6B338006707F3 /* TilUITests.swift */; };
		392169A926E6B648006707F3 /* Nimble in Frameworks */ = {isa = PBXBuildFile; productRef = 392169A826E6B648006707F3 /* Nimble */; };
		392169AC26E6B674006707F3 /* Quick in Frameworks */ = {isa = PBXBuildFile; productRef = 392169AB26E6B674006707F3 /* Quick */; };
/* End PBXBuildFile section */

/* Begin PBXContainerItemProxy section */
		3921698226E6B337006707F3 /* PBXContainerItemProxy */ = {
			isa = PBXContainerItemProxy;
			containerPortal = 3921696826E6B334006707F3 /* Project object */;
			proxyType = 1;
			remoteGlobalIDString = 3921696F26E6B334006707F3;
			remoteInfo = Til;
		};
		3921698D26E6B338006707F3 /* PBXContainerItemProxy */ = {
			isa = PBXContainerItemProxy;
			containerPortal = 3921696826E6B334006707F3 /* Project object */;
			proxyType = 1;
			remoteGlobalIDString = 3921696F26E6B334006707F3;
			remoteInfo = Til;
		};
/* End PBXContainerItemProxy section */

/* Begin PBXFileReference section */
		3921697026E6B334006707F3 /* Til.app */ = {isa = PBXFileReference; explicitFileType = wrapper.application; includeInIndex = 0; path = Til.app; sourceTree = BUILT_PRODUCTS_DIR; };
		3921697326E6B334006707F3 /* TilApp.swift */ = {isa = PBXFileReference; lastKnownFileType = sourcecode.swift; path = TilApp.swift; sourceTree = "<group>"; };
		3921697726E6B337006707F3 /* Assets.xcassets */ = {isa = PBXFileReference; lastKnownFileType = folder.assetcatalog; path = Assets.xcassets; sourceTree = "<group>"; };
		3921697A26E6B337006707F3 /* Preview Assets.xcassets */ = {isa = PBXFileReference; lastKnownFileType = folder.assetcatalog; path = "Preview Assets.xcassets"; sourceTree = "<group>"; };
		3921697C26E6B337006707F3 /* Info.plist */ = {isa = PBXFileReference; lastKnownFileType = text.plist.xml; path = Info.plist; sourceTree = "<group>"; };
		3921698126E6B337006707F3 /* TilTests.xctest */ = {isa = PBXFileReference; explicitFileType = wrapper.cfbundle; includeInIndex = 0; path = TilTests.xctest; sourceTree = BUILT_PRODUCTS_DIR; };
		3921698526E6B337006707F3 /* TilTests.swift */ = {isa = PBXFileReference; lastKnownFileType = sourcecode.swift; path = TilTests.swift; sourceTree = "<group>"; };
		3921698726E6B337006707F3 /* Info.plist */ = {isa = PBXFileReference; lastKnownFileType = text.plist.xml; path = Info.plist; sourceTree = "<group>"; };
		3921698C26E6B338006707F3 /* TilUITests.xctest */ = {isa = PBXFileReference; explicitFileType = wrapper.cfbundle; includeInIndex = 0; path = TilUITests.xctest; sourceTree = BUILT_PRODUCTS_DIR; };
		3921699026E6B338006707F3 /* TilUITests.swift */ = {isa = PBXFileReference; lastKnownFileType = sourcecode.swift; path = TilUITests.swift; sourceTree = "<group>"; };
		3921699226E6B338006707F3 /* Info.plist */ = {isa = PBXFileReference; lastKnownFileType = text.plist.xml; path = Info.plist; sourceTree = "<group>"; };
/* End PBXFileReference section */

/* Begin PBXFrameworksBuildPhase section */
		3921696D26E6B334006707F3 /* Frameworks */ = {
			isa = PBXFrameworksBuildPhase;
			buildActionMask = 2147483647;
			files = (
			);
			runOnlyForDeploymentPostprocessing = 0;
		};
		3921697E26E6B337006707F3 /* Frameworks */ = {
			isa = PBXFrameworksBuildPhase;
			buildActionMask = 2147483647;
			files = (
				392169AC26E6B674006707F3 /* Quick in Frameworks */,
				392169A926E6B648006707F3 /* Nimble in Frameworks */,
			);
			runOnlyForDeploymentPostprocessing = 0;
		};
		3921698926E6B338006707F3 /* Frameworks */ = {
			isa = PBXFrameworksBuildPhase;
			buildActionMask = 2147483647;
			files = (
			);
			runOnlyForDeploymentPostprocessing = 0;
		};
/* End PBXFrameworksBuildPhase section */

/* Begin PBXGroup section */
		3921696726E6B334006707F3 = {
			isa = PBXGroup;
			children = (
				3921697226E6B334006707F3 /* Til */,
				3921698426E6B337006707F3 /* TilTests */,
				3921698F26E6B338006707F3 /* TilUITests */,
				3921697126E6B334006707F3 /* Products */,
				392169AA26E6B674006707F3 /* Frameworks */,
			);
			sourceTree = "<group>";
		};
		3921697126E6B334006707F3 /* Products */ = {
			isa = PBXGroup;
			children = (
				3921697026E6B334006707F3 /* Til.app */,
				3921698126E6B337006707F3 /* TilTests.xctest */,
				3921698C26E6B338006707F3 /* TilUITests.xctest */,
			);
			name = Products;
			sourceTree = "<group>";
		};
		3921697226E6B334006707F3 /* Til */ = {
			isa = PBXGroup;
			children = (
				3921697326E6B334006707F3 /* TilApp.swift */,
				3921697726E6B337006707F3 /* Assets.xcassets */,
				3921697C26E6B337006707F3 /* Info.plist */,
				3921697926E6B337006707F3 /* Preview Content */,
			);
			path = Til;
			sourceTree = "<group>";
		};
		3921697926E6B337006707F3 /* Preview Content */ = {
			isa = PBXGroup;
			children = (
				3921697A26E6B337006707F3 /* Preview Assets.xcassets */,
			);
			path = "Preview Content";
			sourceTree = "<group>";
		};
		3921698426E6B337006707F3 /* TilTests */ = {
			isa = PBXGroup;
			children = (
				3921698526E6B337006707F3 /* TilTests.swift */,
				3921698726E6B337006707F3 /* Info.plist */,
			);
			path = TilTests;
			sourceTree = "<group>";
		};
		3921698F26E6B338006707F3 /* TilUITests */ = {
			isa = PBXGroup;
			children = (
				3921699026E6B338006707F3 /* TilUITests.swift */,
				3921699226E6B338006707F3 /* Info.plist */,
			);
			path = TilUITests;
			sourceTree = "<group>";
		};
		392169AA26E6B674006707F3 /* Frameworks */ = {
			isa = PBXGroup;
			children = (
			);
			name = Frameworks;
			sourceTree = "<group>";
		};
/* End PBXGroup section */

/* Begin PBXNativeTarget section */
		3921696F26E6B334006707F3 /* Til */ = {
			isa = PBXNativeTarget;
			buildConfigurationList = 3921699526E6B338006707F3 /* Build configuration list for PBXNativeTarget "Til" */;
			buildPhases = (
				3921696C26E6B334006707F3 /* Sources */,
				392169AF26E6B8F4006707F3 /* ShellScript */,
				3921696D26E6B334006707F3 /* Frameworks */,
				3921696E26E6B334006707F3 /* Resources */,
			);
			buildRules = (
			);
			dependencies = (
			);
			name = Til;
			packageProductDependencies = (
			);
			productName = Til;
			productReference = 3921697026E6B334006707F3 /* Til.app */;
			productType = "com.apple.product-type.application";
		};
		3921698026E6B337006707F3 /* TilTests */ = {
			isa = PBXNativeTarget;
			buildConfigurationList = 3921699826E6B338006707F3 /* Build configuration list for PBXNativeTarget "TilTests" */;
			buildPhases = (
				3921697D26E6B337006707F3 /* Sources */,
				3921697E26E6B337006707F3 /* Frameworks */,
				3921697F26E6B337006707F3 /* Resources */,
			);
			buildRules = (
			);
			dependencies = (
				3921698326E6B337006707F3 /* PBXTargetDependency */,
			);
			name = TilTests;
			packageProductDependencies = (
				392169A826E6B648006707F3 /* Nimble */,
				392169AB26E6B674006707F3 /* Quick */,
			);
			productName = TilTests;
			productReference = 3921698126E6B337006707F3 /* TilTests.xctest */;
			productType = "com.apple.product-type.bundle.unit-test";
		};
		3921698B26E6B338006707F3 /* TilUITests */ = {
			isa = PBXNativeTarget;
			buildConfigurationList = 3921699B26E6B338006707F3 /* Build configuration list for PBXNativeTarget "TilUITests" */;
			buildPhases = (
				3921698826E6B338006707F3 /* Sources */,
				3921698926E6B338006707F3 /* Frameworks */,
				3921698A26E6B338006707F3 /* Resources */,
			);
			buildRules = (
			);
			dependencies = (
				3921698E26E6B338006707F3 /* PBXTargetDependency */,
			);
			name = TilUITests;
			productName = TilUITests;
			productReference = 3921698C26E6B338006707F3 /* TilUITests.xctest */;
			productType = "com.apple.product-type.bundle.ui-testing";
		};
/* End PBXNativeTarget section */

/* Begin PBXProject section */
		3921696826E6B334006707F3 /* Project object */ = {
			isa = PBXProject;
			attributes = {
				LastSwiftUpdateCheck = 1250;
				LastUpgradeCheck = 1250;
				TargetAttributes = {
					3921696F26E6B334006707F3 = {
						CreatedOnToolsVersion = 12.5.1;
					};
					3921698026E6B337006707F3 = {
						CreatedOnToolsVersion = 12.5.1;
						TestTargetID = 3921696F26E6B334006707F3;
					};
					3921698B26E6B338006707F3 = {
						CreatedOnToolsVersion = 12.5.1;
						TestTargetID = 3921696F26E6B334006707F3;
					};
				};
			};
			buildConfigurationList = 3921696B26E6B334006707F3 /* Build configuration list for PBXProject "Til" */;
			compatibilityVersion = "Xcode 9.3";
			developmentRegion = en;
			hasScannedForEncodings = 0;
			knownRegions = (
				en,
				Base,
			);
			mainGroup = 3921696726E6B334006707F3;
			packageReferences = (
				392169A426E6B5F7006707F3 /* XCRemoteSwiftPackageReference "Quick" */,
				392169A726E6B648006707F3 /* XCRemoteSwiftPackageReference "Nimble" */,
			);
			productRefGroup = 3921697126E6B334006707F3 /* Products */;
			projectDirPath = "";
			projectRoot = "";
			targets = (
				3921696F26E6B334006707F3 /* Til */,
				3921698026E6B337006707F3 /* TilTests */,
				3921698B26E6B338006707F3 /* TilUITests */,
			);
		};
/* End PBXProject section */

/* Begin PBXResourcesBuildPhase section */
		3921696E26E6B334006707F3 /* Resources */ = {
			isa = PBXResourcesBuildPhase;
			buildActionMask = 2147483647;
			files = (
				3921697B26E6B337006707F3 /* Preview Assets.xcassets in Resources */,
				3921697826E6B337006707F3 /* Assets.xcassets in Resources */,
			);
			runOnlyForDeploymentPostprocessing = 0;
		};
		3921697F26E6B337006707F3 /* Resources */ = {
			isa = PBXResourcesBuildPhase;
			buildActionMask = 2147483647;
			files = (
			);
			runOnlyForDeploymentPostprocessing = 0;
		};
		3921698A26E6B338006707F3 /* Resources */ = {
			isa = PBXResourcesBuildPhase;
			buildActionMask = 2147483647;
			files = (
			);
			runOnlyForDeploymentPostprocessing = 0;
		};
/* End PBXResourcesBuildPhase section */

/* Begin PBXShellScriptBuildPhase section */
		392169AF26E6B8F4006707F3 /* ShellScript */ = {
			isa = PBXShellScriptBuildPhase;
			buildActionMask = 2147483647;
			files = (
			);
			inputFileListPaths = (
			);
			inputPaths = (
			);
			outputFileListPaths = (
			);
			outputPaths = (
			);
			runOnlyForDeploymentPostprocessing = 0;
			shellPath = /bin/sh;
			shellScript = "if which swiftlint >/dev/null; then\n  swiftlint\nelse\n  echo \"warning: SwiftLint not installed, download from https://github.com/realm/SwiftLint\"\nfi\n";
		};
/* End PBXShellScriptBuildPhase section */

/* Begin PBXSourcesBuildPhase section */
		3921696C26E6B334006707F3 /* Sources */ = {
			isa = PBXSourcesBuildPhase;
			buildActionMask = 2147483647;
			files = (
				3921697426E6B334006707F3 /* TilApp.swift in Sources */,
			);
			runOnlyForDeploymentPostprocessing = 0;
		};
		3921697D26E6B337006707F3 /* Sources */ = {
			isa = PBXSourcesBuildPhase;
			buildActionMask = 2147483647;
			files = (
				3921698626E6B337006707F3 /* TilTests.swift in Sources */,
			);
			runOnlyForDeploymentPostprocessing = 0;
		};
		3921698826E6B338006707F3 /* Sources */ = {
			isa = PBXSourcesBuildPhase;
			buildActionMask = 2147483647;
			files = (
				3921699126E6B338006707F3 /* TilUITests.swift in Sources */,
			);
			runOnlyForDeploymentPostprocessing = 0;
		};
/* End PBXSourcesBuildPhase section */

/* Begin PBXTargetDependency section */
		3921698326E6B337006707F3 /* PBXTargetDependency */ = {
			isa = PBXTargetDependency;
			target = 3921696F26E6B334006707F3 /* Til */;
			targetProxy = 3921698226E6B337006707F3 /* PBXContainerItemProxy */;
		};
		3921698E26E6B338006707F3 /* PBXTargetDependency */ = {
			isa = PBXTargetDependency;
			target = 3921696F26E6B334006707F3 /* Til */;
			targetProxy = 3921698D26E6B338006707F3 /* PBXContainerItemProxy */;
		};
/* End PBXTargetDependency section */

/* Begin XCBuildConfiguration section */
		3921699326E6B338006707F3 /* Debug */ = {
			isa = XCBuildConfiguration;
			buildSettings = {
				ALWAYS_SEARCH_USER_PATHS = NO;
				CLANG_ANALYZER_NONNULL = YES;
				CLANG_ANALYZER_NUMBER_OBJECT_CONVERSION = YES_AGGRESSIVE;
				CLANG_CXX_LANGUAGE_STANDARD = "gnu++14";
				CLANG_CXX_LIBRARY = "libc++";
				CLANG_ENABLE_MODULES = YES;
				CLANG_ENABLE_OBJC_ARC = YES;
				CLANG_ENABLE_OBJC_WEAK = YES;
				CLANG_WARN_BLOCK_CAPTURE_AUTORELEASING = YES;
				CLANG_WARN_BOOL_CONVERSION = YES;
				CLANG_WARN_COMMA = YES;
				CLANG_WARN_CONSTANT_CONVERSION = YES;
				CLANG_WARN_DEPRECATED_OBJC_IMPLEMENTATIONS = YES;
				CLANG_WARN_DIRECT_OBJC_ISA_USAGE = YES_ERROR;
				CLANG_WARN_DOCUMENTATION_COMMENTS = YES;
				CLANG_WARN_EMPTY_BODY = YES;
				CLANG_WARN_ENUM_CONVERSION = YES;
				CLANG_WARN_INFINITE_RECURSION = YES;
				CLANG_WARN_INT_CONVERSION = YES;
				CLANG_WARN_NON_LITERAL_NULL_CONVERSION = YES;
				CLANG_WARN_OBJC_IMPLICIT_RETAIN_SELF = YES;
				CLANG_WARN_OBJC_LITERAL_CONVERSION = YES;
				CLANG_WARN_OBJC_ROOT_CLASS = YES_ERROR;
				CLANG_WARN_QUOTED_INCLUDE_IN_FRAMEWORK_HEADER = YES;
				CLANG_WARN_RANGE_LOOP_ANALYSIS = YES;
				CLANG_WARN_STRICT_PROTOTYPES = YES;
				CLANG_WARN_SUSPICIOUS_MOVE = YES;
				CLANG_WARN_UNGUARDED_AVAILABILITY = YES_AGGRESSIVE;
				CLANG_WARN_UNREACHABLE_CODE = YES;
				CLANG_WARN__DUPLICATE_METHOD_MATCH = YES;
				COPY_PHASE_STRIP = NO;
				DEBUG_INFORMATION_FORMAT = dwarf;
				ENABLE_STRICT_OBJC_MSGSEND = YES;
				ENABLE_TESTABILITY = YES;
				GCC_C_LANGUAGE_STANDARD = gnu11;
				GCC_DYNAMIC_NO_PIC = NO;
				GCC_NO_COMMON_BLOCKS = YES;
				GCC_OPTIMIZATION_LEVEL = 0;
				GCC_PREPROCESSOR_DEFINITIONS = (
					"DEBUG=1",
					"$(inherited)",
				);
				GCC_WARN_64_TO_32_BIT_CONVERSION = YES;
				GCC_WARN_ABOUT_RETURN_TYPE = YES_ERROR;
				GCC_WARN_UNDECLARED_SELECTOR = YES;
				GCC_WARN_UNINITIALIZED_AUTOS = YES_AGGRESSIVE;
				GCC_WARN_UNUSED_FUNCTION = YES;
				GCC_WARN_UNUSED_VARIABLE = YES;
				IPHONEOS_DEPLOYMENT_TARGET = 14.5;
				MTL_ENABLE_DEBUG_INFO = INCLUDE_SOURCE;
				MTL_FAST_MATH = YES;
				ONLY_ACTIVE_ARCH = YES;
				SDKROOT = iphoneos;
				SWIFT_ACTIVE_COMPILATION_CONDITIONS = DEBUG;
				SWIFT_OPTIMIZATION_LEVEL = "-Onone";
			};
			name = Debug;
		};
		3921699426E6B338006707F3 /* Release */ = {
			isa = XCBuildConfiguration;
			buildSettings = {
				ALWAYS_SEARCH_USER_PATHS = NO;
				CLANG_ANALYZER_NONNULL = YES;
				CLANG_ANALYZER_NUMBER_OBJECT_CONVERSION = YES_AGGRESSIVE;
				CLANG_CXX_LANGUAGE_STANDARD = "gnu++14";
				CLANG_CXX_LIBRARY = "libc++";
				CLANG_ENABLE_MODULES = YES;
				CLANG_ENABLE_OBJC_ARC = YES;
				CLANG_ENABLE_OBJC_WEAK = YES;
				CLANG_WARN_BLOCK_CAPTURE_AUTORELEASING = YES;
				CLANG_WARN_BOOL_CONVERSION = YES;
				CLANG_WARN_COMMA = YES;
				CLANG_WARN_CONSTANT_CONVERSION = YES;
				CLANG_WARN_DEPRECATED_OBJC_IMPLEMENTATIONS = YES;
				CLANG_WARN_DIRECT_OBJC_ISA_USAGE = YES_ERROR;
				CLANG_WARN_DOCUMENTATION_COMMENTS = YES;
				CLANG_WARN_EMPTY_BODY = YES;
				CLANG_WARN_ENUM_CONVERSION = YES;
				CLANG_WARN_INFINITE_RECURSION = YES;
				CLANG_WARN_INT_CONVERSION = YES;
				CLANG_WARN_NON_LITERAL_NULL_CONVERSION = YES;
				CLANG_WARN_OBJC_IMPLICIT_RETAIN_SELF = YES;
				CLANG_WARN_OBJC_LITERAL_CONVERSION = YES;
				CLANG_WARN_OBJC_ROOT_CLASS = YES_ERROR;
				CLANG_WARN_QUOTED_INCLUDE_IN_FRAMEWORK_HEADER = YES;
				CLANG_WARN_RANGE_LOOP_ANALYSIS = YES;
				CLANG_WARN_STRICT_PROTOTYPES = YES;
				CLANG_WARN_SUSPICIOUS_MOVE = YES;
				CLANG_WARN_UNGUARDED_AVAILABILITY = YES_AGGRESSIVE;
				CLANG_WARN_UNREACHABLE_CODE = YES;
				CLANG_WARN__DUPLICATE_METHOD_MATCH = YES;
				COPY_PHASE_STRIP = NO;
				DEBUG_INFORMATION_FORMAT = "dwarf-with-dsym";
				ENABLE_NS_ASSERTIONS = NO;
				ENABLE_STRICT_OBJC_MSGSEND = YES;
				GCC_C_LANGUAGE_STANDARD = gnu11;
				GCC_NO_COMMON_BLOCKS = YES;
				GCC_WARN_64_TO_32_BIT_CONVERSION = YES;
				GCC_WARN_ABOUT_RETURN_TYPE = YES_ERROR;
				GCC_WARN_UNDECLARED_SELECTOR = YES;
				GCC_WARN_UNINITIALIZED_AUTOS = YES_AGGRESSIVE;
				GCC_WARN_UNUSED_FUNCTION = YES;
				GCC_WARN_UNUSED_VARIABLE = YES;
				IPHONEOS_DEPLOYMENT_TARGET = 14.5;
				MTL_ENABLE_DEBUG_INFO = NO;
				MTL_FAST_MATH = YES;
				SDKROOT = iphoneos;
				SWIFT_COMPILATION_MODE = wholemodule;
				SWIFT_OPTIMIZATION_LEVEL = "-O";
				VALIDATE_PRODUCT = YES;
			};
			name = Release;
		};
		3921699626E6B338006707F3 /* Debug */ = {
			isa = XCBuildConfiguration;
			buildSettings = {
				ASSETCATALOG_COMPILER_APPICON_NAME = AppIcon;
				ASSETCATALOG_COMPILER_GLOBAL_ACCENT_COLOR_NAME = AccentColor;
				CODE_SIGN_STYLE = Automatic;
				DEVELOPMENT_ASSET_PATHS = "\"Til/Preview Content\"";
				DEVELOPMENT_TEAM = 4ZGHKBJ8WE;
				ENABLE_PREVIEWS = YES;
				INFOPLIST_FILE = Til/Info.plist;
				IPHONEOS_DEPLOYMENT_TARGET = 14.0;
				LD_RUNPATH_SEARCH_PATHS = (
					"$(inherited)",
					"@executable_path/Frameworks",
				);
				PRODUCT_BUNDLE_IDENTIFIER = com.robotpie.Til;
				PRODUCT_NAME = "$(TARGET_NAME)";
				SWIFT_VERSION = 5.0;
				TARGETED_DEVICE_FAMILY = "1,2";
			};
			name = Debug;
		};
		3921699726E6B338006707F3 /* Release */ = {
			isa = XCBuildConfiguration;
			buildSettings = {
				ASSETCATALOG_COMPILER_APPICON_NAME = AppIcon;
				ASSETCATALOG_COMPILER_GLOBAL_ACCENT_COLOR_NAME = AccentColor;
				CODE_SIGN_STYLE = Automatic;
				DEVELOPMENT_ASSET_PATHS = "\"Til/Preview Content\"";
				DEVELOPMENT_TEAM = 4ZGHKBJ8WE;
				ENABLE_PREVIEWS = YES;
				INFOPLIST_FILE = Til/Info.plist;
				IPHONEOS_DEPLOYMENT_TARGET = 14.0;
				LD_RUNPATH_SEARCH_PATHS = (
					"$(inherited)",
					"@executable_path/Frameworks",
				);
				PRODUCT_BUNDLE_IDENTIFIER = com.robotpie.Til;
				PRODUCT_NAME = "$(TARGET_NAME)";
				SWIFT_VERSION = 5.0;
				TARGETED_DEVICE_FAMILY = "1,2";
			};
			name = Release;
		};
		3921699926E6B338006707F3 /* Debug */ = {
			isa = XCBuildConfiguration;
			buildSettings = {
				ALWAYS_EMBED_SWIFT_STANDARD_LIBRARIES = YES;
				BUNDLE_LOADER = "$(TEST_HOST)";
				CODE_SIGN_STYLE = Automatic;
				DEVELOPMENT_TEAM = 4ZGHKBJ8WE;
				INFOPLIST_FILE = TilTests/Info.plist;
				IPHONEOS_DEPLOYMENT_TARGET = 14.0;
				LD_RUNPATH_SEARCH_PATHS = (
					"$(inherited)",
					"@executable_path/Frameworks",
					"@loader_path/Frameworks",
				);
				PRODUCT_BUNDLE_IDENTIFIER = com.robotpie.TilTests;
				PRODUCT_NAME = "$(TARGET_NAME)";
				SWIFT_VERSION = 5.0;
				TARGETED_DEVICE_FAMILY = "1,2";
				TEST_HOST = "$(BUILT_PRODUCTS_DIR)/Til.app/Til";
			};
			name = Debug;
		};
		3921699A26E6B338006707F3 /* Release */ = {
			isa = XCBuildConfiguration;
			buildSettings = {
				ALWAYS_EMBED_SWIFT_STANDARD_LIBRARIES = YES;
				BUNDLE_LOADER = "$(TEST_HOST)";
				CODE_SIGN_STYLE = Automatic;
				DEVELOPMENT_TEAM = 4ZGHKBJ8WE;
				INFOPLIST_FILE = TilTests/Info.plist;
				IPHONEOS_DEPLOYMENT_TARGET = 14.0;
				LD_RUNPATH_SEARCH_PATHS = (
					"$(inherited)",
					"@executable_path/Frameworks",
					"@loader_path/Frameworks",
				);
				PRODUCT_BUNDLE_IDENTIFIER = com.robotpie.TilTests;
				PRODUCT_NAME = "$(TARGET_NAME)";
				SWIFT_VERSION = 5.0;
				TARGETED_DEVICE_FAMILY = "1,2";
				TEST_HOST = "$(BUILT_PRODUCTS_DIR)/Til.app/Til";
			};
			name = Release;
		};
		3921699C26E6B338006707F3 /* Debug */ = {
			isa = XCBuildConfiguration;
			buildSettings = {
				ALWAYS_EMBED_SWIFT_STANDARD_LIBRARIES = YES;
				CODE_SIGN_STYLE = Automatic;
				DEVELOPMENT_TEAM = 4ZGHKBJ8WE;
				INFOPLIST_FILE = TilUITests/Info.plist;
				LD_RUNPATH_SEARCH_PATHS = (
					"$(inherited)",
					"@executable_path/Frameworks",
					"@loader_path/Frameworks",
				);
				PRODUCT_BUNDLE_IDENTIFIER = com.robotpie.TilUITests;
				PRODUCT_NAME = "$(TARGET_NAME)";
				SWIFT_VERSION = 5.0;
				TARGETED_DEVICE_FAMILY = "1,2";
				TEST_TARGET_NAME = Til;
			};
			name = Debug;
		};
		3921699D26E6B338006707F3 /* Release */ = {
			isa = XCBuildConfiguration;
			buildSettings = {
				ALWAYS_EMBED_SWIFT_STANDARD_LIBRARIES = YES;
				CODE_SIGN_STYLE = Automatic;
				DEVELOPMENT_TEAM = 4ZGHKBJ8WE;
				INFOPLIST_FILE = TilUITests/Info.plist;
				LD_RUNPATH_SEARCH_PATHS = (
					"$(inherited)",
					"@executable_path/Frameworks",
					"@loader_path/Frameworks",
				);
				PRODUCT_BUNDLE_IDENTIFIER = com.robotpie.TilUITests;
				PRODUCT_NAME = "$(TARGET_NAME)";
				SWIFT_VERSION = 5.0;
				TARGETED_DEVICE_FAMILY = "1,2";
				TEST_TARGET_NAME = Til;
			};
			name = Release;
		};
/* End XCBuildConfiguration section */

/* Begin XCConfigurationList section */
		3921696B26E6B334006707F3 /* Build configuration list for PBXProject "Til" */ = {
			isa = XCConfigurationList;
			buildConfigurations = (
				3921699326E6B338006707F3 /* Debug */,
				3921699426E6B338006707F3 /* Release */,
			);
			defaultConfigurationIsVisible = 0;
			defaultConfigurationName = Release;
		};
		3921699526E6B338006707F3 /* Build configuration list for PBXNativeTarget "Til" */ = {
			isa = XCConfigurationList;
			buildConfigurations = (
				3921699626E6B338006707F3 /* Debug */,
				3921699726E6B338006707F3 /* Release */,
			);
			defaultConfigurationIsVisible = 0;
			defaultConfigurationName = Release;
		};
		3921699826E6B338006707F3 /* Build configuration list for PBXNativeTarget "TilTests" */ = {
			isa = XCConfigurationList;
			buildConfigurations = (
				3921699926E6B338006707F3 /* Debug */,
				3921699A26E6B338006707F3 /* Release */,
			);
			defaultConfigurationIsVisible = 0;
			defaultConfigurationName = Release;
		};
		3921699B26E6B338006707F3 /* Build configuration list for PBXNativeTarget "TilUITests" */ = {
			isa = XCConfigurationList;
			buildConfigurations = (
				3921699C26E6B338006707F3 /* Debug */,
				3921699D26E6B338006707F3 /* Release */,
			);
			defaultConfigurationIsVisible = 0;
			defaultConfigurationName = Release;
		};
/* End XCConfigurationList section */

/* Begin XCRemoteSwiftPackageReference section */
		392169A426E6B5F7006707F3 /* XCRemoteSwiftPackageReference "Quick" */ = {
			isa = XCRemoteSwiftPackageReference;
			repositoryURL = "https://github.com/Quick/Quick.git";
			requirement = {
				kind = upToNextMajorVersion;
				minimumVersion = 4.0.0;
			};
		};
		392169A726E6B648006707F3 /* XCRemoteSwiftPackageReference "Nimble" */ = {
			isa = XCRemoteSwiftPackageReference;
			repositoryURL = "https://github.com/Quick/Nimble.git";
			requirement = {
				kind = upToNextMajorVersion;
				minimumVersion = 9.2.1;
			};
		};
/* End XCRemoteSwiftPackageReference section */

/* Begin XCSwiftPackageProductDependency section */
		392169A826E6B648006707F3 /* Nimble */ = {
			isa = XCSwiftPackageProductDependency;
			package = 392169A726E6B648006707F3 /* XCRemoteSwiftPackageReference "Nimble" */;
			productName = Nimble;
		};
		392169AB26E6B674006707F3 /* Quick */ = {
			isa = XCSwiftPackageProductDependency;
			package = 392169A426E6B5F7006707F3 /* XCRemoteSwiftPackageReference "Quick" */;
			productName = Quick;
		};
/* End XCSwiftPackageProductDependency section */
	};
	rootObject = 3921696826E6B334006707F3 /* Project object */;
}
